
Microsoft Visual Studio Solution File, Format Version 12.00
# Visual Studio 15
VisualStudioVersion = 15.0.26124.0
MinimumVisualStudioVersion = 15.0.26124.0
Project("{2150E333-8FDC-42A3-9474-1A3956D46DE8}") = "src", "src", "{47ECB254-889F-436C-B95D-D9FD4D89393A}"
EndProject
Project("{FAE04EC0-301F-11D3-BF4B-00C04F79EFBC}") = "SimpleAPI", "src\SimpleAPI\SimpleAPI.csproj", "{9C166D2D-C13E-4D1B-821F-3D47C404F48F}"
EndProject
Project("{2150E333-8FDC-42A3-9474-1A3956D46DE8}") = "test", "test", "{325D430E-1603-46D9-BD62-A85DA943A779}"
EndProject
Project("{FAE04EC0-301F-11D3-BF4B-00C04F79EFBC}") = "SimpleAPI.Tests", "test\SimpleAPI.Tests\SimpleAPI.Tests.csproj", "{0DBD92CC-9C1C-403E-967A-74208F334E82}"
EndProject
Global
	GlobalSection(SolutionConfigurationPlatforms) = preSolution
		Debug|Any CPU = Debug|Any CPU
		Debug|x64 = Debug|x64
		Debug|x86 = Debug|x86
		Release|Any CPU = Release|Any CPU
		Release|x64 = Release|x64
		Release|x86 = Release|x86
	EndGlobalSection
	GlobalSection(SolutionProperties) = preSolution
		HideSolutionNode = FALSE
	EndGlobalSection
	GlobalSection(ProjectConfigurationPlatforms) = postSolution
		{9C166D2D-C13E-4D1B-821F-3D47C404F48F}.Debug|Any CPU.ActiveCfg = Debug|Any CPU
		{9C166D2D-C13E-4D1B-821F-3D47C404F48F}.Debug|Any CPU.Build.0 = Debug|Any CPU
		{9C166D2D-C13E-4D1B-821F-3D47C404F48F}.Debug|x64.ActiveCfg = Debug|Any CPU
		{9C166D2D-C13E-4D1B-821F-3D47C404F48F}.Debug|x64.Build.0 = Debug|Any CPU
		{9C166D2D-C13E-4D1B-821F-3D47C404F48F}.Debug|x86.ActiveCfg = Debug|Any CPU
		{9C166D2D-C13E-4D1B-821F-3D47C404F48F}.Debug|x86.Build.0 = Debug|Any CPU
		{9C166D2D-C13E-4D1B-821F-3D47C404F48F}.Release|Any CPU.ActiveCfg = Release|Any CPU
		{9C166D2D-C13E-4D1B-821F-3D47C404F48F}.Release|Any CPU.Build.0 = Release|Any CPU
		{9C166D2D-C13E-4D1B-821F-3D47C404F48F}.Release|x64.ActiveCfg = Release|Any CPU
		{9C166D2D-C13E-4D1B-821F-3D47C404F48F}.Release|x64.Build.0 = Release|Any CPU
		{9C166D2D-C13E-4D1B-821F-3D47C404F48F}.Release|x86.ActiveCfg = Release|Any CPU
		{9C166D2D-C13E-4D1B-821F-3D47C404F48F}.Release|x86.Build.0 = Release|Any CPU
		{0DBD92CC-9C1C-403E-967A-74208F334E82}.Debug|Any CPU.ActiveCfg = Debug|Any CPU
		{0DBD92CC-9C1C-403E-967A-74208F334E82}.Debug|Any CPU.Build.0 = Debug|Any CPU
		{0DBD92CC-9C1C-403E-967A-74208F334E82}.Debug|x64.ActiveCfg = Debug|Any CPU
		{0DBD92CC-9C1C-403E-967A-74208F334E82}.Debug|x64.Build.0 = Debug|Any CPU
		{0DBD92CC-9C1C-403E-967A-74208F334E82}.Debug|x86.ActiveCfg = Debug|Any CPU
		{0DBD92CC-9C1C-403E-967A-74208F334E82}.Debug|x86.Build.0 = Debug|Any CPU
		{0DBD92CC-9C1C-403E-967A-74208F334E82}.Release|Any CPU.ActiveCfg = Release|Any CPU
		{0DBD92CC-9C1C-403E-967A-74208F334E82}.Release|Any CPU.Build.0 = Release|Any CPU
		{0DBD92CC-9C1C-403E-967A-74208F334E82}.Release|x64.ActiveCfg = Release|Any CPU
		{0DBD92CC-9C1C-403E-967A-74208F334E82}.Release|x64.Build.0 = Release|Any CPU
		{0DBD92CC-9C1C-403E-967A-74208F334E82}.Release|x86.ActiveCfg = Release|Any CPU
		{0DBD92CC-9C1C-403E-967A-74208F334E82}.Release|x86.Build.0 = Release|Any CPU
	EndGlobalSection
	GlobalSection(NestedProjects) = preSolution
		{9C166D2D-C13E-4D1B-821F-3D47C404F48F} = {47ECB254-889F-436C-B95D-D9FD4D89393A}
		{0DBD92CC-9C1C-403E-967A-74208F334E82} = {325D430E-1603-46D9-BD62-A85DA943A779}
	EndGlobalSection
EndGlobal
